
Microsoft Visual Studio Solution File, Format Version 12.00
# Visual Studio 14
VisualStudioVersion = 14.0.25420.1
MinimumVisualStudioVersion = 10.0.40219.1
Project("{FAE04EC0-301F-11D3-BF4B-00C04F79EFBC}") = "MonomythGo", "MonomythGo\MonomythGo.csproj", "{18195693-DAFD-455E-8F5C-7EBF8C399757}"
EndProject
Project("{FAE04EC0-301F-11D3-BF4B-00C04F79EFBC}") = "Monomyth", "Monomyth\Monomyth.csproj", "{71F1D26E-3418-42B9-A130-D74F48868945}"
EndProject
Project("{FAE04EC0-301F-11D3-BF4B-00C04F79EFBC}") = "MonomythTests", "MonomythTests\MonomythTests.csproj", "{14D7A1EC-0DA7-4DBF-A9EC-D21AE65CF423}"
EndProject
Project("{FAE04EC0-301F-11D3-BF4B-00C04F79EFBC}") = "MonomythData", "MonomythData\MonomythData.csproj", "{FF187DC9-E2D3-46EA-AFA7-EB7CB1D20252}"
EndProject
Global
	GlobalSection(SolutionConfigurationPlatforms) = preSolution
		Debug|Any CPU = Debug|Any CPU
		Release|Any CPU = Release|Any CPU
	EndGlobalSection
	GlobalSection(ProjectConfigurationPlatforms) = postSolution
		{18195693-DAFD-455E-8F5C-7EBF8C399757}.Debug|Any CPU.ActiveCfg = Debug|Any CPU
		{18195693-DAFD-455E-8F5C-7EBF8C399757}.Debug|Any CPU.Build.0 = Debug|Any CPU
		{18195693-DAFD-455E-8F5C-7EBF8C399757}.Release|Any CPU.ActiveCfg = Release|Any CPU
		{18195693-DAFD-455E-8F5C-7EBF8C399757}.Release|Any CPU.Build.0 = Release|Any CPU
		{71F1D26E-3418-42B9-A130-D74F48868945}.Debug|Any CPU.ActiveCfg = Debug|Any CPU
		{71F1D26E-3418-42B9-A130-D74F48868945}.Debug|Any CPU.Build.0 = Debug|Any CPU
		{71F1D26E-3418-42B9-A130-D74F48868945}.Release|Any CPU.ActiveCfg = Release|Any CPU
		{71F1D26E-3418-42B9-A130-D74F48868945}.Release|Any CPU.Build.0 = Release|Any CPU
		{14D7A1EC-0DA7-4DBF-A9EC-D21AE65CF423}.Debug|Any CPU.ActiveCfg = Debug|Any CPU
		{14D7A1EC-0DA7-4DBF-A9EC-D21AE65CF423}.Debug|Any CPU.Build.0 = Debug|Any CPU
		{14D7A1EC-0DA7-4DBF-A9EC-D21AE65CF423}.Release|Any CPU.ActiveCfg = Release|Any CPU
		{14D7A1EC-0DA7-4DBF-A9EC-D21AE65CF423}.Release|Any CPU.Build.0 = Release|Any CPU
		{FF187DC9-E2D3-46EA-AFA7-EB7CB1D20252}.Debug|Any CPU.ActiveCfg = Debug|Any CPU
		{FF187DC9-E2D3-46EA-AFA7-EB7CB1D20252}.Debug|Any CPU.Build.0 = Debug|Any CPU
		{FF187DC9-E2D3-46EA-AFA7-EB7CB1D20252}.Release|Any CPU.ActiveCfg = Release|Any CPU
		{FF187DC9-E2D3-46EA-AFA7-EB7CB1D20252}.Release|Any CPU.Build.0 = Release|Any CPU
	EndGlobalSection
	GlobalSection(SolutionProperties) = preSolution
		HideSolutionNode = FALSE
	EndGlobalSection
EndGlobal
